
Microsoft Visual Studio Solution File, Format Version 12.00
# Visual Studio Version 17
VisualStudioVersion = 17.5.33627.172
MinimumVisualStudioVersion = 10.0.40219.1
Project("{8BC9CEB8-8B4A-11D0-8D11-00A0C91BC942}") = "ScripturesEngine", "ScripturesEngine.vcxproj", "{59CB6BC5-93CB-4C4B-92D7-A0740485DA4A}"
EndProject
Project("{8BC9CEB8-8B4A-11D0-8D11-00A0C91BC942}") = "Demo", "..\Demo\Demo.vcxproj", "{2562AC85-5787-431E-B2D5-C9F323131A76}"
	ProjectSection(ProjectDependencies) = postProject
		{59CB6BC5-93CB-4C4B-92D7-A0740485DA4A} = {59CB6BC5-93CB-4C4B-92D7-A0740485DA4A}
	EndProjectSection
EndProject
Global
	GlobalSection(SolutionConfigurationPlatforms) = preSolution
		Debug|x64 = Debug|x64
		Debug|x86 = Debug|x86
		Release|x64 = Release|x64
		Release|x86 = Release|x86
	EndGlobalSection
	GlobalSection(ProjectConfigurationPlatforms) = postSolution
		{59CB6BC5-93CB-4C4B-92D7-A0740485DA4A}.Debug|x64.ActiveCfg = Debug|x64
		{59CB6BC5-93CB-4C4B-92D7-A0740485DA4A}.Debug|x64.Build.0 = Debug|x64
		{59CB6BC5-93CB-4C4B-92D7-A0740485DA4A}.Debug|x86.ActiveCfg = Debug|Win32
		{59CB6BC5-93CB-4C4B-92D7-A0740485DA4A}.Debug|x86.Build.0 = Debug|Win32
		{59CB6BC5-93CB-4C4B-92D7-A0740485DA4A}.Release|x64.ActiveCfg = Release|x64
		{59CB6BC5-93CB-4C4B-92D7-A0740485DA4A}.Release|x64.Build.0 = Release|x64
		{59CB6BC5-93CB-4C4B-92D7-A0740485DA4A}.Release|x86.ActiveCfg = Release|Win32
		{59CB6BC5-93CB-4C4B-92D7-A0740485DA4A}.Release|x86.Build.0 = Release|Win32
		{2562AC85-5787-431E-B2D5-C9F323131A76}.Debug|x64.ActiveCfg = Debug|x64
		{2562AC85-5787-431E-B2D5-C9F323131A76}.Debug|x64.Build.0 = Debug|x64
		{2562AC85-5787-431E-B2D5-C9F323131A76}.Debug|x86.ActiveCfg = Debug|Win32
		{2562AC85-5787-431E-B2D5-C9F323131A76}.Debug|x86.Build.0 = Debug|Win32
		{2562AC85-5787-431E-B2D5-C9F323131A76}.Release|x64.ActiveCfg = Release|x64
		{2562AC85-5787-431E-B2D5-C9F323131A76}.Release|x64.Build.0 = Release|x64
		{2562AC85-5787-431E-B2D5-C9F323131A76}.Release|x86.ActiveCfg = Release|Win32
		{2562AC85-5787-431E-B2D5-C9F323131A76}.Release|x86.Build.0 = Release|Win32
	EndGlobalSection
	GlobalSection(SolutionProperties) = preSolution
		HideSolutionNode = FALSE
	EndGlobalSection
	GlobalSection(ExtensibilityGlobals) = postSolution
		SolutionGuid = {7D3D7B06-6E33-4AD3-A775-9B6B2B8C79EA}
	EndGlobalSection
EndGlobal
